<?xml version="1.0" encoding="utf-8"?>
<Project ToolsVersion="4.0" xmlns="http://schemas.microsoft.com/developer/msbuild/2003">
  <ItemGroup>
    <Filter Include="소스 파일">
      <UniqueIdentifier>{4FC737F1-C7A5-4376-A066-2A32D752A2FF}</UniqueIdentifier>
      <Extensions>cpp;c;cc;cxx;def;odl;idl;hpj;bat;asm;asmx</Extensions>
    </Filter>
    <Filter Include="헤더 파일">
      <UniqueIdentifier>{93995380-89BD-4b04-88EB-625FBE52EBFB}</UniqueIdentifier>
      <Extensions>h;hh;hpp;hxx;hm;inl;inc;ipp;xsd</Extensions>
    </Filter>
    <Filter Include="리소스 파일">
      <UniqueIdentifier>{67DA6AB6-F800-4c08-8B7A-83BB121AAD01}</UniqueIdentifier>
      <Extensions>rc;ico;cur;bmp;dlg;rc2;rct;bin;rgs;gif;jpg;jpeg;jpe;resx;tiff;tif;png;wav;mfcribbon-ms</Extensions>
    </Filter>
    <Filter Include="헤더 파일\Util">
      <UniqueIdentifier>{4bd82341-fa88-4e25-9efa-858f1859f0f5}</UniqueIdentifier>
    </Filter>
    <Filter Include="헤더 파일\Input">
      <UniqueIdentifier>{d0792547-0cbd-4210-90fa-e5935bb42b26}</UniqueIdentifier>
    </Filter>
    <Filter Include="소스 파일\Input">
      <UniqueIdentifier>{ebaded32-3826-4572-a4e8-89d92bbde481}</UniqueIdentifier>
    </Filter>
    <Filter Include="헤더 파일\Clipboard">
      <UniqueIdentifier>{9947a7e3-b7d0-4d81-8153-d4041a67fa31}</UniqueIdentifier>
    </Filter>
    <Filter Include="소스 파일\Clipboard">
      <UniqueIdentifier>{9787678f-0403-4c2a-b71c-78d5f4fd0521}</UniqueIdentifier>
    </Filter>
    <Filter Include="헤더 파일\Network">
      <UniqueIdentifier>{3a2fc5b1-6fb2-4093-9cb8-a3b0cd3fa230}</UniqueIdentifier>
    </Filter>
    <Filter Include="소스 파일\Network">
      <UniqueIdentifier>{a65cbc24-d06a-471b-a673-90e6023c4c8d}</UniqueIdentifier>
    </Filter>
    <Filter Include="헤더 파일\Interface">
      <UniqueIdentifier>{aa9f06d5-f6d4-4d68-aabf-4df982b3fdf0}</UniqueIdentifier>
    </Filter>
    <Filter Include="소스 파일\Interface">
      <UniqueIdentifier>{ddd93ec0-f777-411c-bee6-623822b5eadc}</UniqueIdentifier>
    </Filter>
    <Filter Include="소스 파일\Util">
      <UniqueIdentifier>{aa1fa17c-11c5-4077-9128-cadff9a6f574}</UniqueIdentifier>
    </Filter>
  </ItemGroup>
  <ItemGroup>
    <ClCompile Include="main.cpp">
      <Filter>소스 파일</Filter>
    </ClCompile>
    <ClCompile Include="Server.cpp">
      <Filter>소스 파일</Filter>
    </ClCompile>
    <ClCompile Include="ServerDriver.cpp">
      <Filter>소스 파일</Filter>
    </ClCompile>
    <ClCompile Include="..\Clipboard\Clipboard.cpp">
      <Filter>소스 파일\Clipboard</Filter>
    </ClCompile>
    <ClCompile Include="..\Clipboard\ClipboardWin.cpp">
      <Filter>소스 파일\Clipboard</Filter>
    </ClCompile>
    <ClCompile Include="..\Input\InputLite.cpp">
      <Filter>소스 파일\Input</Filter>
    </ClCompile>
    <ClCompile Include="..\Input\InputManager.cpp">
      <Filter>소스 파일\Input</Filter>
    </ClCompile>
    <ClCompile Include="..\Input\InputWin.cpp">
      <Filter>소스 파일\Input</Filter>
    </ClCompile>
    <ClCompile Include="..\Network\HubContext.cpp">
      <Filter>소스 파일\Network</Filter>
    </ClCompile>
    <ClCompile Include="..\Network\Socket.cpp">
      <Filter>소스 파일\Network</Filter>
    </ClCompile>
    <ClCompile Include="..\Network\SocketImpl.cpp">
      <Filter>소스 파일\Network</Filter>
    </ClCompile>
    <ClCompile Include="..\Network\SocketProtocol.cpp">
      <Filter>소스 파일\Network</Filter>
    </ClCompile>
    <ClCompile Include="..\Network\ClientImpl.cpp">
      <Filter>소스 파일\Network</Filter>
    </ClCompile>
    <ClCompile Include="..\Interface\Interface.cpp">
      <Filter>소스 파일\Interface</Filter>
    </ClCompile>
    <ClCompile Include="..\Util\BaseUtil.cpp">
      <Filter>소스 파일\Util</Filter>
    </ClCompile>
    <ClCompile Include="..\Util\ImageUtils.cpp">
      <Filter>소스 파일\Util</Filter>
    </ClCompile>
  </ItemGroup>
  <ItemGroup>
    <ClInclude Include="Server.h">
      <Filter>헤더 파일</Filter>
    </ClInclude>
    <ClInclude Include="ServerDriver.h">
      <Filter>헤더 파일</Filter>
    </ClInclude>
    <ClInclude Include="..\Clipboard\Clipboard.h">
      <Filter>헤더 파일\Clipboard</Filter>
    </ClInclude>
    <ClInclude Include="..\Clipboard\ClipboardWin.h">
      <Filter>헤더 파일\Clipboard</Filter>
    </ClInclude>
    <ClInclude Include="..\Input\InputLite.h">
      <Filter>헤더 파일\Input</Filter>
    </ClInclude>
    <ClInclude Include="..\Input\InputManager.h">
      <Filter>헤더 파일\Input</Filter>
    </ClInclude>
    <ClInclude Include="..\Network\HeaderParser.h">
      <Filter>헤더 파일\Network</Filter>
    </ClInclude>
    <ClInclude Include="..\Network\Socket.h">
      <Filter>헤더 파일\Network</Filter>
    </ClInclude>
    <ClInclude Include="..\Network\SocketImpl.h">
      <Filter>헤더 파일\Network</Filter>
    </ClInclude>
    <ClInclude Include="..\Network\SocketProtocol.h">
      <Filter>헤더 파일\Network</Filter>
    </ClInclude>
    <ClInclude Include="..\Util\cxxopts.h">
      <Filter>헤더 파일\Util</Filter>
    </ClInclude>
    <ClInclude Include="..\Util\StringHelpers.h">
      <Filter>헤더 파일\Util</Filter>
    </ClInclude>
    <ClInclude Include="..\RAT.h">
      <Filter>헤더 파일</Filter>
    </ClInclude>
    <ClInclude Include="..\Network\ClientImpl.h">
      <Filter>헤더 파일\Network</Filter>
    </ClInclude>
    <ClInclude Include="..\Interface\Interface.h">
      <Filter>헤더 파일\Interface</Filter>
    </ClInclude>
    <ClInclude Include="IRATServer.h">
      <Filter>헤더 파일</Filter>
    </ClInclude>
    <ClInclude Include="..\Network\ns.h">
      <Filter>헤더 파일\Network</Filter>
    </ClInclude>
    <ClInclude Include="..\Util\BaseUtil.h">
      <Filter>헤더 파일\Util</Filter>
    </ClInclude>
    <ClInclude Include="..\Network\HubContext.h">
      <Filter>헤더 파일\Network</Filter>
    </ClInclude>
    <ClInclude Include="..\Util\ImageUtils.h">
      <Filter>헤더 파일\Util</Filter>
    </ClInclude>
  </ItemGroup>
</Project>