
Microsoft Visual Studio Solution File, Format Version 12.00
# Visual Studio 15
VisualStudioVersion = 15.0.28307.438
MinimumVisualStudioVersion = 10.0.40219.1
Project("{8BC9CEB8-8B4A-11D0-8D11-00A0C91BC942}") = "ScreenShare", "ScreenShare\ScreenShare.vcxproj", "{5FA19735-55BB-4BD4-B0F4-22D3C565640D}"
EndProject
Project("{8BC9CEB8-8B4A-11D0-8D11-00A0C91BC942}") = "ScreenShare_Client", "ScreenShare_Client\ScreenShare_Client.vcxproj", "{B8535144-EA16-4100-A488-2D63152D7E07}"
EndProject
Global
	GlobalSection(SolutionConfigurationPlatforms) = preSolution
		Debug|x64 = Debug|x64
		Debug|x86 = Debug|x86
		Release|x64 = Release|x64
		Release|x86 = Release|x86
	EndGlobalSection
	GlobalSection(ProjectConfigurationPlatforms) = postSolution
		{5FA19735-55BB-4BD4-B0F4-22D3C565640D}.Debug|x64.ActiveCfg = Debug|x64
		{5FA19735-55BB-4BD4-B0F4-22D3C565640D}.Debug|x64.Build.0 = Debug|x64
		{5FA19735-55BB-4BD4-B0F4-22D3C565640D}.Debug|x86.ActiveCfg = Debug|Win32
		{5FA19735-55BB-4BD4-B0F4-22D3C565640D}.Debug|x86.Build.0 = Debug|Win32
		{5FA19735-55BB-4BD4-B0F4-22D3C565640D}.Release|x64.ActiveCfg = Release|x64
		{5FA19735-55BB-4BD4-B0F4-22D3C565640D}.Release|x64.Build.0 = Release|x64
		{5FA19735-55BB-4BD4-B0F4-22D3C565640D}.Release|x86.ActiveCfg = Release|Win32
		{5FA19735-55BB-4BD4-B0F4-22D3C565640D}.Release|x86.Build.0 = Release|Win32
		{B8535144-EA16-4100-A488-2D63152D7E07}.Debug|x64.ActiveCfg = Debug|x64
		{B8535144-EA16-4100-A488-2D63152D7E07}.Debug|x64.Build.0 = Debug|x64
		{B8535144-EA16-4100-A488-2D63152D7E07}.Debug|x86.ActiveCfg = Debug|Win32
		{B8535144-EA16-4100-A488-2D63152D7E07}.Debug|x86.Build.0 = Debug|Win32
		{B8535144-EA16-4100-A488-2D63152D7E07}.Release|x64.ActiveCfg = Release|x64
		{B8535144-EA16-4100-A488-2D63152D7E07}.Release|x64.Build.0 = Release|x64
		{B8535144-EA16-4100-A488-2D63152D7E07}.Release|x86.ActiveCfg = Release|Win32
		{B8535144-EA16-4100-A488-2D63152D7E07}.Release|x86.Build.0 = Release|Win32
	EndGlobalSection
	GlobalSection(SolutionProperties) = preSolution
		HideSolutionNode = FALSE
	EndGlobalSection
	GlobalSection(ExtensibilityGlobals) = postSolution
		SolutionGuid = {713C4ADC-F778-4ABD-9973-CD50C909D6F7}
	EndGlobalSection
EndGlobal
