<?xml version="1.0" encoding="utf-8"?>
<Project ToolsVersion="4.0" xmlns="http://schemas.microsoft.com/developer/msbuild/2003">
  <ItemGroup>
    <Filter Include="소스 파일">
      <UniqueIdentifier>{4FC737F1-C7A5-4376-A066-2A32D752A2FF}</UniqueIdentifier>
      <Extensions>cpp;c;cc;cxx;def;odl;idl;hpj;bat;asm;asmx</Extensions>
    </Filter>
    <Filter Include="헤더 파일">
      <UniqueIdentifier>{93995380-89BD-4b04-88EB-625FBE52EBFB}</UniqueIdentifier>
      <Extensions>h;hh;hpp;hxx;hm;inl;inc;ipp;xsd</Extensions>
    </Filter>
    <Filter Include="리소스 파일">
      <UniqueIdentifier>{67DA6AB6-F800-4c08-8B7A-83BB121AAD01}</UniqueIdentifier>
      <Extensions>rc;ico;cur;bmp;dlg;rc2;rct;bin;rgs;gif;jpg;jpeg;jpe;resx;tiff;tif;png;wav;mfcribbon-ms</Extensions>
    </Filter>
    <Filter Include="헤더 파일\Util">
      <UniqueIdentifier>{9cf7c80e-63e1-4045-986c-bc2f4247bc58}</UniqueIdentifier>
    </Filter>
    <Filter Include="헤더 파일\Network">
      <UniqueIdentifier>{2af2360b-8e94-46bc-a089-94cd2d31b9b4}</UniqueIdentifier>
    </Filter>
    <Filter Include="소스 파일\Network">
      <UniqueIdentifier>{decb475d-c1c3-415a-a661-1aea52fe4855}</UniqueIdentifier>
    </Filter>
    <Filter Include="헤더 파일\Input">
      <UniqueIdentifier>{a20397ba-acaf-4b08-bf3a-8fd30ac09495}</UniqueIdentifier>
    </Filter>
    <Filter Include="소스 파일\Input">
      <UniqueIdentifier>{add648b3-0563-418d-ac69-9730227f126e}</UniqueIdentifier>
    </Filter>
    <Filter Include="헤더 파일\Clipboard">
      <UniqueIdentifier>{09700cf4-8df5-4a26-84dd-d92c6d55d787}</UniqueIdentifier>
    </Filter>
    <Filter Include="소스 파일\Clipboard">
      <UniqueIdentifier>{c28bcd38-7e2d-4f7b-b173-a35e99a6c14b}</UniqueIdentifier>
    </Filter>
    <Filter Include="소스 파일\Util">
      <UniqueIdentifier>{f8b63dd0-2ac3-40a6-8e25-d1aff90b9534}</UniqueIdentifier>
    </Filter>
  </ItemGroup>
  <ItemGroup>
    <ClCompile Include="main.cpp">
      <Filter>소스 파일</Filter>
    </ClCompile>
    <ClCompile Include="Client.cpp">
      <Filter>소스 파일</Filter>
    </ClCompile>
    <ClCompile Include="ClientFunctions.cpp">
      <Filter>소스 파일</Filter>
    </ClCompile>
    <ClCompile Include="RATClient.cpp">
      <Filter>소스 파일</Filter>
    </ClCompile>
    <ClCompile Include="..\Network\ClientImpl.cpp">
      <Filter>소스 파일\Network</Filter>
    </ClCompile>
    <ClCompile Include="..\Network\HubContext.cpp">
      <Filter>소스 파일\Network</Filter>
    </ClCompile>
    <ClCompile Include="..\Network\Socket.cpp">
      <Filter>소스 파일\Network</Filter>
    </ClCompile>
    <ClCompile Include="..\Network\SocketImpl.cpp">
      <Filter>소스 파일\Network</Filter>
    </ClCompile>
    <ClCompile Include="..\Network\SocketProtocol.cpp">
      <Filter>소스 파일\Network</Filter>
    </ClCompile>
    <ClCompile Include="..\Input\InputLite.cpp">
      <Filter>소스 파일\Input</Filter>
    </ClCompile>
    <ClCompile Include="..\Input\InputManager.cpp">
      <Filter>소스 파일\Input</Filter>
    </ClCompile>
    <ClCompile Include="..\Input\InputWin.cpp">
      <Filter>소스 파일\Input</Filter>
    </ClCompile>
    <ClCompile Include="..\Clipboard\Clipboard.cpp">
      <Filter>소스 파일\Clipboard</Filter>
    </ClCompile>
    <ClCompile Include="..\Clipboard\ClipboardWin.cpp">
      <Filter>소스 파일\Clipboard</Filter>
    </ClCompile>
    <ClCompile Include="..\Util\BaseUtil.cpp">
      <Filter>소스 파일\Util</Filter>
    </ClCompile>
  </ItemGroup>
  <ItemGroup>
    <ClInclude Include="Client.h">
      <Filter>헤더 파일</Filter>
    </ClInclude>
    <ClInclude Include="ClientFunctions.h">
      <Filter>헤더 파일</Filter>
    </ClInclude>
    <ClInclude Include="RATClient.h">
      <Filter>헤더 파일</Filter>
    </ClInclude>
    <ClInclude Include="IRATClient.h">
      <Filter>헤더 파일</Filter>
    </ClInclude>
    <ClInclude Include="..\Network\ClientImpl.h">
      <Filter>헤더 파일\Network</Filter>
    </ClInclude>
    <ClInclude Include="..\Network\HeaderParser.h">
      <Filter>헤더 파일\Network</Filter>
    </ClInclude>
    <ClInclude Include="..\Network\HubContext.h">
      <Filter>헤더 파일\Network</Filter>
    </ClInclude>
    <ClInclude Include="..\Network\ns.h">
      <Filter>헤더 파일\Network</Filter>
    </ClInclude>
    <ClInclude Include="..\Network\Socket.h">
      <Filter>헤더 파일\Network</Filter>
    </ClInclude>
    <ClInclude Include="..\Network\SocketImpl.h">
      <Filter>헤더 파일\Network</Filter>
    </ClInclude>
    <ClInclude Include="..\Network\SocketProtocol.h">
      <Filter>헤더 파일\Network</Filter>
    </ClInclude>
    <ClInclude Include="..\Input\InputLite.h">
      <Filter>헤더 파일\Input</Filter>
    </ClInclude>
    <ClInclude Include="..\Input\InputManager.h">
      <Filter>헤더 파일\Input</Filter>
    </ClInclude>
    <ClInclude Include="..\Clipboard\Clipboard.h">
      <Filter>헤더 파일\Clipboard</Filter>
    </ClInclude>
    <ClInclude Include="..\Clipboard\ClipboardWin.h">
      <Filter>헤더 파일\Clipboard</Filter>
    </ClInclude>
    <ClInclude Include="..\Util\BaseUtil.h">
      <Filter>헤더 파일\Util</Filter>
    </ClInclude>
    <ClInclude Include="..\Util\cxxopts.h">
      <Filter>헤더 파일\Util</Filter>
    </ClInclude>
    <ClInclude Include="..\Util\StringHelpers.h">
      <Filter>헤더 파일\Util</Filter>
    </ClInclude>
  </ItemGroup>
</Project>